
Microsoft Visual Studio Solution File, Format Version 12.00
# Visual Studio Version 16
VisualStudioVersion = 16.0.29306.81
MinimumVisualStudioVersion = 10.0.40219.1
Project("{9A19103F-16F7-4668-BE54-9A1E7A4F7556}") = "MediaSoft", "MediaSoft\MediaSoft.csproj", "{FC339C65-1227-4700-9751-6792FC8B87A9}"
EndProject
Project("{FAE04EC0-301F-11D3-BF4B-00C04F79EFBC}") = "Client", "Client\Client.csproj", "{968D3A04-B3CC-444D-9B9E-E3C947504B52}"
EndProject
Global
	GlobalSection(SolutionConfigurationPlatforms) = preSolution
		Debug|Any CPU = Debug|Any CPU
		Release|Any CPU = Release|Any CPU
	EndGlobalSection
	GlobalSection(ProjectConfigurationPlatforms) = postSolution
		{FC339C65-1227-4700-9751-6792FC8B87A9}.Debug|Any CPU.ActiveCfg = Debug|Any CPU
		{FC339C65-1227-4700-9751-6792FC8B87A9}.Debug|Any CPU.Build.0 = Debug|Any CPU
		{FC339C65-1227-4700-9751-6792FC8B87A9}.Release|Any CPU.ActiveCfg = Release|Any CPU
		{FC339C65-1227-4700-9751-6792FC8B87A9}.Release|Any CPU.Build.0 = Release|Any CPU
		{968D3A04-B3CC-444D-9B9E-E3C947504B52}.Debug|Any CPU.ActiveCfg = Debug|Any CPU
		{968D3A04-B3CC-444D-9B9E-E3C947504B52}.Debug|Any CPU.Build.0 = Debug|Any CPU
		{968D3A04-B3CC-444D-9B9E-E3C947504B52}.Release|Any CPU.ActiveCfg = Release|Any CPU
		{968D3A04-B3CC-444D-9B9E-E3C947504B52}.Release|Any CPU.Build.0 = Release|Any CPU
	EndGlobalSection
	GlobalSection(SolutionProperties) = preSolution
		HideSolutionNode = FALSE
	EndGlobalSection
	GlobalSection(ExtensibilityGlobals) = postSolution
		SolutionGuid = {FE8BE316-7887-43C0-AE74-BD76DC8F57E3}
	EndGlobalSection
EndGlobal
